Microsoft Visual Studio Solution File, Format Version 12.00
# Visual Studio Version 17
VisualStudioVersion = 17.5.2.0
MinimumVisualStudioVersion = 10.0.40219.1
Project("{FAE04EC0-301F-11D3-BF4B-00C04F79EFBC}") = "1UserRegistration", "1UserRegistration\1UserRegistration.csproj", "{8B2F8BDC-54B0-CB13-89E5-3773C92D24DB}"
EndProject
Global
	GlobalSection(SolutionConfigurationPlatforms) = preSolution
		Debug|Any CPU = Debug|Any CPU
		Release|Any CPU = Release|Any CPU
	EndGlobalSection
	GlobalSection(ProjectConfigurationPlatforms) = postSolution
		{8B2F8BDC-54B0-CB13-89E5-3773C92D24DB}.Debug|Any CPU.ActiveCfg = Debug|Any CPU
		{8B2F8BDC-54B0-CB13-89E5-3773C92D24DB}.Debug|Any CPU.Build.0 = Debug|Any CPU
		{8B2F8BDC-54B0-CB13-89E5-3773C92D24DB}.Release|Any CPU.ActiveCfg = Release|Any CPU
		{8B2F8BDC-54B0-CB13-89E5-3773C92D24DB}.Release|Any CPU.Build.0 = Release|Any CPU
	EndGlobalSection
	GlobalSection(SolutionProperties) = preSolution
		HideSolutionNode = FALSE
	EndGlobalSection
	GlobalSection(ExtensibilityGlobals) = postSolution
		SolutionGuid = {84E5353F-709F-486D-8181-7402F6ADE412}
	EndGlobalSection
EndGlobal
